
Microsoft Visual Studio Solution File, Format Version 12.00
# Visual Studio Version 17
VisualStudioVersion = 17.14.36203.30 d17.14
MinimumVisualStudioVersion = 10.0.40219.1
Project("{FAE04EC0-301F-11D3-BF4B-00C04F79EFBC}") = "StudentFeesDiscount", "StudentFeesDiscount.csproj", "{04C3C3F7-81E9-4590-82C3-03B376EDA4E7}"
EndProject
Global
	GlobalSection(SolutionConfigurationPlatforms) = preSolution
		Debug|Any CPU = Debug|Any CPU
		Release|Any CPU = Release|Any CPU
	EndGlobalSection
	GlobalSection(ProjectConfigurationPlatforms) = postSolution
		{04C3C3F7-81E9-4590-82C3-03B376EDA4E7}.Debug|Any CPU.ActiveCfg = Debug|Any CPU
		{04C3C3F7-81E9-4590-82C3-03B376EDA4E7}.Debug|Any CPU.Build.0 = Debug|Any CPU
		{04C3C3F7-81E9-4590-82C3-03B376EDA4E7}.Release|Any CPU.ActiveCfg = Release|Any CPU
		{04C3C3F7-81E9-4590-82C3-03B376EDA4E7}.Release|Any CPU.Build.0 = Release|Any CPU
	EndGlobalSection
	GlobalSection(SolutionProperties) = preSolution
		HideSolutionNode = FALSE
	EndGlobalSection
	GlobalSection(ExtensibilityGlobals) = postSolution
		SolutionGuid = {B78B7049-3C0A-4EC1-890F-5BDF2DED2157}
	EndGlobalSection
EndGlobal
