
Microsoft Visual Studio Solution File, Format Version 12.00
# Visual Studio Version 17
VisualStudioVersion = 17.14.36203.30 d17.14
MinimumVisualStudioVersion = 10.0.40219.1
Project("{FAE04EC0-301F-11D3-BF4B-00C04F79EFBC}") = "ClassDiagram", "ClassDiagram.csproj", "{B6AE5BAE-ACD1-46CF-AF28-EC7AC7A0EBDC}"
EndProject
Global
	GlobalSection(SolutionConfigurationPlatforms) = preSolution
		Debug|Any CPU = Debug|Any CPU
		Release|Any CPU = Release|Any CPU
	EndGlobalSection
	GlobalSection(ProjectConfigurationPlatforms) = postSolution
		{B6AE5BAE-ACD1-46CF-AF28-EC7AC7A0EBDC}.Debug|Any CPU.ActiveCfg = Debug|Any CPU
		{B6AE5BAE-ACD1-46CF-AF28-EC7AC7A0EBDC}.Debug|Any CPU.Build.0 = Debug|Any CPU
		{B6AE5BAE-ACD1-46CF-AF28-EC7AC7A0EBDC}.Release|Any CPU.ActiveCfg = Release|Any CPU
		{B6AE5BAE-ACD1-46CF-AF28-EC7AC7A0EBDC}.Release|Any CPU.Build.0 = Release|Any CPU
	EndGlobalSection
	GlobalSection(SolutionProperties) = preSolution
		HideSolutionNode = FALSE
	EndGlobalSection
	GlobalSection(ExtensibilityGlobals) = postSolution
		SolutionGuid = {62237673-0831-471B-ACC6-D0379CEC124D}
	EndGlobalSection
EndGlobal
